// !$*UTF8*$!
{
	archiveVersion = 1;
	classes = {
	};
	objectVersion = 50;
	objects = {

/* Begin PBXBuildFile section */
		445FCAD267990092F95162CF /* Pods_Ixigo.framework in Frameworks */ = {isa = PBXBuildFile; fileRef = 7F3F57837892DEC3DE4DB0CD /* Pods_Ixigo.framework */; };
		841DC55122C73F5200C22DC9 /* SortCell.swift in Sources */ = {isa = PBXBuildFile; fileRef = 841DC55022C73F5200C22DC9 /* SortCell.swift */; };
		841DC55522C7540600C22DC9 /* ETicketVC.swift in Sources */ = {isa = PBXBuildFile; fileRef = 841DC55422C7540600C22DC9 /* ETicketVC.swift */; };
		84BB80F522C63DCC00B8252D /* AppDelegate.swift in Sources */ = {isa = PBXBuildFile; fileRef = 84BB80F422C63DCC00B8252D /* AppDelegate.swift */; };
		84BB80FA22C63DCC00B8252D /* Main.storyboard in Resources */ = {isa = PBXBuildFile; fileRef = 84BB80F822C63DCC00B8252D /* Main.storyboard */; };
		84BB80FD22C63DCC00B8252D /* Ixigo.xcdatamodeld in Sources */ = {isa = PBXBuildFile; fileRef = 84BB80FB22C63DCC00B8252D /* Ixigo.xcdatamodeld */; };
		84BB80FF22C63DCF00B8252D /* Assets.xcassets in Resources */ = {isa = PBXBuildFile; fileRef = 84BB80FE22C63DCF00B8252D /* Assets.xcassets */; };
		84BB810222C63DCF00B8252D /* LaunchScreen.storyboard in Resources */ = {isa = PBXBuildFile; fileRef = 84BB810022C63DCF00B8252D /* LaunchScreen.storyboard */; };
		84BB810D22C63DCF00B8252D /* IxigoTests.swift in Sources */ = {isa = PBXBuildFile; fileRef = 84BB810C22C63DCF00B8252D /* IxigoTests.swift */; };
		84BB811822C63DCF00B8252D /* IxigoUITests.swift in Sources */ = {isa = PBXBuildFile; fileRef = 84BB811722C63DCF00B8252D /* IxigoUITests.swift */; };
		84BB812A22C63F0600B8252D /* Constants.swift in Sources */ = {isa = PBXBuildFile; fileRef = 84BB812922C63F0600B8252D /* Constants.swift */; };
		84BB812C22C63F7D00B8252D /* GetRequest.swift in Sources */ = {isa = PBXBuildFile; fileRef = 84BB812B22C63F7D00B8252D /* GetRequest.swift */; };
		84BB812F22C641E700B8252D /* FlightsVM.swift in Sources */ = {isa = PBXBuildFile; fileRef = 84BB812E22C641E700B8252D /* FlightsVM.swift */; };
		84BB813122C6431000B8252D /* FlightsVC.swift in Sources */ = {isa = PBXBuildFile; fileRef = 84BB813022C6431000B8252D /* FlightsVC.swift */; };
		84BB813322C6441900B8252D /* Flight.swift in Sources */ = {isa = PBXBuildFile; fileRef = 84BB813222C6441900B8252D /* Flight.swift */; };
		84BB813522C6481C00B8252D /* Helper.swift in Sources */ = {isa = PBXBuildFile; fileRef = 84BB813422C6481C00B8252D /* Helper.swift */; };
		84BB813722C6526500B8252D /* Indicator.swift in Sources */ = {isa = PBXBuildFile; fileRef = 84BB813622C6526500B8252D /* Indicator.swift */; };
		84BB813922C653FF00B8252D /* Alert.swift in Sources */ = {isa = PBXBuildFile; fileRef = 84BB813822C653FF00B8252D /* Alert.swift */; };
		84BB813B22C676AF00B8252D /* SearchFlightVC.swift in Sources */ = {isa = PBXBuildFile; fileRef = 84BB813A22C676AF00B8252D /* SearchFlightVC.swift */; };
		84BB813D22C6779300B8252D /* NavigationDesignController.swift in Sources */ = {isa = PBXBuildFile; fileRef = 84BB813C22C6779300B8252D /* NavigationDesignController.swift */; };
		84BB813F22C67D9F00B8252D /* ViewDesign.swift in Sources */ = {isa = PBXBuildFile; fileRef = 84BB813E22C67D9F00B8252D /* ViewDesign.swift */; };
		84BB814122C681C600B8252D /* ButtonDesign.swift in Sources */ = {isa = PBXBuildFile; fileRef = 84BB814022C681C600B8252D /* ButtonDesign.swift */; };
		84BB814422C68C7100B8252D /* SearchDetailCell.swift in Sources */ = {isa = PBXBuildFile; fileRef = 84BB814322C68C7100B8252D /* SearchDetailCell.swift */; };
		84BB814622C697A100B8252D /* FlightDetailCell.swift in Sources */ = {isa = PBXBuildFile; fileRef = 84BB814522C697A100B8252D /* FlightDetailCell.swift */; };
		A36E1C9806A6193E0FFA5301 /* Pods_IxigoUITests.framework in Frameworks */ = {isa = PBXBuildFile; fileRef = 83E70072899CFEFB21B06AA3 /* Pods_IxigoUITests.framework */; };
		ABFA023D52CDDF9F26B67296 /* Pods_IxigoTests.framework in Frameworks */ = {isa = PBXBuildFile; fileRef = 87C312D1E514ACBA79579FD0 /* Pods_IxigoTests.framework */; };
/* End PBXBuildFile section */

/* Begin PBXContainerItemProxy section */
		84BB810922C63DCF00B8252D /* PBXContainerItemProxy */ = {
			isa = PBXContainerItemProxy;
			containerPortal = 84BB80E922C63DCC00B8252D /* Project object */;
			proxyType = 1;
			remoteGlobalIDString = 84BB80F022C63DCC00B8252D;
			remoteInfo = Ixigo;
		};
		84BB811422C63DCF00B8252D /* PBXContainerItemProxy */ = {
			isa = PBXContainerItemProxy;
			containerPortal = 84BB80E922C63DCC00B8252D /* Project object */;
			proxyType = 1;
			remoteGlobalIDString = 84BB80F022C63DCC00B8252D;
			remoteInfo = Ixigo;
		};
/* End PBXContainerItemProxy section */

/* Begin PBXFileReference section */
		400297F52B09205CB2E55F33 /* Pods-IxigoUITests.release.xcconfig */ = {isa = PBXFileReference; includeInIndex = 1; lastKnownFileType = text.xcconfig; name = "Pods-IxigoUITests.release.xcconfig"; path = "Pods/Target Support Files/Pods-IxigoUITests/Pods-IxigoUITests.release.xcconfig"; sourceTree = "<group>"; };
		5F140828DA01B30A75BF1BE2 /* Pods-IxigoTests.debug.xcconfig */ = {isa = PBXFileReference; includeInIndex = 1; lastKnownFileType = text.xcconfig; name = "Pods-IxigoTests.debug.xcconfig"; path = "Pods/Target Support Files/Pods-IxigoTests/Pods-IxigoTests.debug.xcconfig"; sourceTree = "<group>"; };
		6785714D1A89880484001E0B /* Pods-IxigoTests.release.xcconfig */ = {isa = PBXFileReference; includeInIndex = 1; lastKnownFileType = text.xcconfig; name = "Pods-IxigoTests.release.xcconfig"; path = "Pods/Target Support Files/Pods-IxigoTests/Pods-IxigoTests.release.xcconfig"; sourceTree = "<group>"; };
		76A7F88C7DAB00B7C6FC5829 /* Pods-Ixigo.debug.xcconfig */ = {isa = PBXFileReference; includeInIndex = 1; lastKnownFileType = text.xcconfig; name = "Pods-Ixigo.debug.xcconfig"; path = "Pods/Target Support Files/Pods-Ixigo/Pods-Ixigo.debug.xcconfig"; sourceTree = "<group>"; };
		7F3F57837892DEC3DE4DB0CD /* Pods_Ixigo.framework */ = {isa = PBXFileReference; explicitFileType = wrapper.framework; includeInIndex = 0; path = Pods_Ixigo.framework; sourceTree = BUILT_PRODUCTS_DIR; };
		83E70072899CFEFB21B06AA3 /* Pods_IxigoUITests.framework */ = {isa = PBXFileReference; explicitFileType = wrapper.framework; includeInIndex = 0; path = Pods_IxigoUITests.framework; sourceTree = BUILT_PRODUCTS_DIR; };
		841DC55022C73F5200C22DC9 /* SortCell.swift */ = {isa = PBXFileReference; lastKnownFileType = sourcecode.swift; path = SortCell.swift; sourceTree = "<group>"; };
		841DC55422C7540600C22DC9 /* ETicketVC.swift */ = {isa = PBXFileReference; lastKnownFileType = sourcecode.swift; path = ETicketVC.swift; sourceTree = "<group>"; };
		84BB80F122C63DCC00B8252D /* Ixigo.app */ = {isa = PBXFileReference; explicitFileType = wrapper.application; includeInIndex = 0; path = Ixigo.app; sourceTree = BUILT_PRODUCTS_DIR; };
		84BB80F422C63DCC00B8252D /* AppDelegate.swift */ = {isa = PBXFileReference; lastKnownFileType = sourcecode.swift; path = AppDelegate.swift; sourceTree = "<group>"; };
		84BB80F922C63DCC00B8252D /* Base */ = {isa = PBXFileReference; lastKnownFileType = file.storyboard; name = Base; path = Base.lproj/Main.storyboard; sourceTree = "<group>"; };
		84BB80FC22C63DCC00B8252D /* Ixigo.xcdatamodel */ = {isa = PBXFileReference; lastKnownFileType = wrapper.xcdatamodel; path = Ixigo.xcdatamodel; sourceTree = "<group>"; };
		84BB80FE22C63DCF00B8252D /* Assets.xcassets */ = {isa = PBXFileReference; lastKnownFileType = folder.assetcatalog; path = Assets.xcassets; sourceTree = "<group>"; };
		84BB810122C63DCF00B8252D /* Base */ = {isa = PBXFileReference; lastKnownFileType = file.storyboard; name = Base; path = Base.lproj/LaunchScreen.storyboard; sourceTree = "<group>"; };
		84BB810322C63DCF00B8252D /* Info.plist */ = {isa = PBXFileReference; lastKnownFileType = text.plist.xml; path = Info.plist; sourceTree = "<group>"; };
		84BB810822C63DCF00B8252D /* IxigoTests.xctest */ = {isa = PBXFileReference; explicitFileType = wrapper.cfbundle; includeInIndex = 0; path = IxigoTests.xctest; sourceTree = BUILT_PRODUCTS_DIR; };
		84BB810C22C63DCF00B8252D /* IxigoTests.swift */ = {isa = PBXFileReference; lastKnownFileType = sourcecode.swift; path = IxigoTests.swift; sourceTree = "<group>"; };
		84BB810E22C63DCF00B8252D /* Info.plist */ = {isa = PBXFileReference; lastKnownFileType = text.plist.xml; path = Info.plist; sourceTree = "<group>"; };
		84BB811322C63DCF00B8252D /* IxigoUITests.xctest */ = {isa = PBXFileReference; explicitFileType = wrapper.cfbundle; includeInIndex = 0; path = IxigoUITests.xctest; sourceTree = BUILT_PRODUCTS_DIR; };
		84BB811722C63DCF00B8252D /* IxigoUITests.swift */ = {isa = PBXFileReference; lastKnownFileType = sourcecode.swift; path = IxigoUITests.swift; sourceTree = "<group>"; };
		84BB811922C63DCF00B8252D /* Info.plist */ = {isa = PBXFileReference; lastKnownFileType = text.plist.xml; path = Info.plist; sourceTree = "<group>"; };
		84BB812922C63F0600B8252D /* Constants.swift */ = {isa = PBXFileReference; lastKnownFileType = sourcecode.swift; path = Constants.swift; sourceTree = "<group>"; };
		84BB812B22C63F7D00B8252D /* GetRequest.swift */ = {isa = PBXFileReference; lastKnownFileType = sourcecode.swift; path = GetRequest.swift; sourceTree = "<group>"; };
		84BB812E22C641E700B8252D /* FlightsVM.swift */ = {isa = PBXFileReference; lastKnownFileType = sourcecode.swift; path = FlightsVM.swift; sourceTree = "<group>"; };
		84BB813022C6431000B8252D /* FlightsVC.swift */ = {isa = PBXFileReference; lastKnownFileType = sourcecode.swift; path = FlightsVC.swift; sourceTree = "<group>"; };
		84BB813222C6441900B8252D /* Flight.swift */ = {isa = PBXFileReference; lastKnownFileType = sourcecode.swift; path = Flight.swift; sourceTree = "<group>"; };
		84BB813422C6481C00B8252D /* Helper.swift */ = {isa = PBXFileReference; lastKnownFileType = sourcecode.swift; path = Helper.swift; sourceTree = "<group>"; };
		84BB813622C6526500B8252D /* Indicator.swift */ = {isa = PBXFileReference; lastKnownFileType = sourcecode.swift; path = Indicator.swift; sourceTree = "<group>"; };
		84BB813822C653FF00B8252D /* Alert.swift */ = {isa = PBXFileReference; lastKnownFileType = sourcecode.swift; path = Alert.swift; sourceTree = "<group>"; };
		84BB813A22C676AF00B8252D /* SearchFlightVC.swift */ = {isa = PBXFileReference; lastKnownFileType = sourcecode.swift; path = SearchFlightVC.swift; sourceTree = "<group>"; };
		84BB813C22C6779300B8252D /* NavigationDesignController.swift */ = {isa = PBXFileReference; lastKnownFileType = sourcecode.swift; path = NavigationDesignController.swift; sourceTree = "<group>"; };
		84BB813E22C67D9F00B8252D /* ViewDesign.swift */ = {isa = PBXFileReference; lastKnownFileType = sourcecode.swift; path = ViewDesign.swift; sourceTree = "<group>"; };
		84BB814022C681C600B8252D /* ButtonDesign.swift */ = {isa = PBXFileReference; lastKnownFileType = sourcecode.swift; path = ButtonDesign.swift; sourceTree = "<group>"; };
		84BB814322C68C7100B8252D /* SearchDetailCell.swift */ = {isa = PBXFileReference; lastKnownFileType = sourcecode.swift; path = SearchDetailCell.swift; sourceTree = "<group>"; };
		84BB814522C697A100B8252D /* FlightDetailCell.swift */ = {isa = PBXFileReference; lastKnownFileType = sourcecode.swift; path = FlightDetailCell.swift; sourceTree = "<group>"; };
		87C312D1E514ACBA79579FD0 /* Pods_IxigoTests.framework */ = {isa = PBXFileReference; explicitFileType = wrapper.framework; includeInIndex = 0; path = Pods_IxigoTests.framework; sourceTree = BUILT_PRODUCTS_DIR; };
		B34EF879521FF418731DAADC /* Pods-IxigoUITests.debug.xcconfig */ = {isa = PBXFileReference; includeInIndex = 1; lastKnownFileType = text.xcconfig; name = "Pods-IxigoUITests.debug.xcconfig"; path = "Pods/Target Support Files/Pods-IxigoUITests/Pods-IxigoUITests.debug.xcconfig"; sourceTree = "<group>"; };
		E0BD0FA85502D5E7BED4EACF /* Pods-Ixigo.release.xcconfig */ = {isa = PBXFileReference; includeInIndex = 1; lastKnownFileType = text.xcconfig; name = "Pods-Ixigo.release.xcconfig"; path = "Pods/Target Support Files/Pods-Ixigo/Pods-Ixigo.release.xcconfig"; sourceTree = "<group>"; };
/* End PBXFileReference section */

/* Begin PBXFrameworksBuildPhase section */
		84BB80EE22C63DCC00B8252D /* Frameworks */ = {
			isa = PBXFrameworksBuildPhase;
			buildActionMask = 2147483647;
			files = (
				445FCAD267990092F95162CF /* Pods_Ixigo.framework in Frameworks */,
			);
			runOnlyForDeploymentPostprocessing = 0;
		};
		84BB810522C63DCF00B8252D /* Frameworks */ = {
			isa = PBXFrameworksBuildPhase;
			buildActionMask = 2147483647;
			files = (
				ABFA023D52CDDF9F26B67296 /* Pods_IxigoTests.framework in Frameworks */,
			);
			runOnlyForDeploymentPostprocessing = 0;
		};
		84BB811022C63DCF00B8252D /* Frameworks */ = {
			isa = PBXFrameworksBuildPhase;
			buildActionMask = 2147483647;
			files = (
				A36E1C9806A6193E0FFA5301 /* Pods_IxigoUITests.framework in Frameworks */,
			);
			runOnlyForDeploymentPostprocessing = 0;
		};
/* End PBXFrameworksBuildPhase section */

/* Begin PBXGroup section */
		5C52D4BA22C2DEC0EB3F7281 /* Pods */ = {
			isa = PBXGroup;
			children = (
				76A7F88C7DAB00B7C6FC5829 /* Pods-Ixigo.debug.xcconfig */,
				E0BD0FA85502D5E7BED4EACF /* Pods-Ixigo.release.xcconfig */,
				5F140828DA01B30A75BF1BE2 /* Pods-IxigoTests.debug.xcconfig */,
				6785714D1A89880484001E0B /* Pods-IxigoTests.release.xcconfig */,
				B34EF879521FF418731DAADC /* Pods-IxigoUITests.debug.xcconfig */,
				400297F52B09205CB2E55F33 /* Pods-IxigoUITests.release.xcconfig */,
			);
			name = Pods;
			sourceTree = "<group>";
		};
		70A90B39729F85B0C7E0758A /* Frameworks */ = {
			isa = PBXGroup;
			children = (
				7F3F57837892DEC3DE4DB0CD /* Pods_Ixigo.framework */,
				87C312D1E514ACBA79579FD0 /* Pods_IxigoTests.framework */,
				83E70072899CFEFB21B06AA3 /* Pods_IxigoUITests.framework */,
			);
			name = Frameworks;
			sourceTree = "<group>";
		};
		84BB80E822C63DCC00B8252D = {
			isa = PBXGroup;
			children = (
				84BB80F322C63DCC00B8252D /* Ixigo */,
				84BB810B22C63DCF00B8252D /* IxigoTests */,
				84BB811622C63DCF00B8252D /* IxigoUITests */,
				84BB80F222C63DCC00B8252D /* Products */,
				5C52D4BA22C2DEC0EB3F7281 /* Pods */,
				70A90B39729F85B0C7E0758A /* Frameworks */,
			);
			sourceTree = "<group>";
		};
		84BB80F222C63DCC00B8252D /* Products */ = {
			isa = PBXGroup;
			children = (
				84BB80F122C63DCC00B8252D /* Ixigo.app */,
				84BB810822C63DCF00B8252D /* IxigoTests.xctest */,
				84BB811322C63DCF00B8252D /* IxigoUITests.xctest */,
			);
			name = Products;
			sourceTree = "<group>";
		};
		84BB80F322C63DCC00B8252D /* Ixigo */ = {
			isa = PBXGroup;
			children = (
				84BB812822C63EED00B8252D /* Helpers */,
				84BB812722C63EE200B8252D /* Modal */,
				84BB812D22C641D400B8252D /* ViewModal */,
				84BB812622C63EC900B8252D /* View */,
				84BB812522C63EBB00B8252D /* Controller */,
				84BB80F422C63DCC00B8252D /* AppDelegate.swift */,
				84BB80F822C63DCC00B8252D /* Main.storyboard */,
				84BB80FE22C63DCF00B8252D /* Assets.xcassets */,
				84BB810022C63DCF00B8252D /* LaunchScreen.storyboard */,
				84BB810322C63DCF00B8252D /* Info.plist */,
				84BB80FB22C63DCC00B8252D /* Ixigo.xcdatamodeld */,
			);
			path = Ixigo;
			sourceTree = "<group>";
		};
		84BB810B22C63DCF00B8252D /* IxigoTests */ = {
			isa = PBXGroup;
			children = (
				84BB810C22C63DCF00B8252D /* IxigoTests.swift */,
				84BB810E22C63DCF00B8252D /* Info.plist */,
			);
			path = IxigoTests;
			sourceTree = "<group>";
		};
		84BB811622C63DCF00B8252D /* IxigoUITests */ = {
			isa = PBXGroup;
			children = (
				84BB811722C63DCF00B8252D /* IxigoUITests.swift */,
				84BB811922C63DCF00B8252D /* Info.plist */,
			);
			path = IxigoUITests;
			sourceTree = "<group>";
		};
		84BB812522C63EBB00B8252D /* Controller */ = {
			isa = PBXGroup;
			children = (
				84BB814222C68C4100B8252D /* Cell */,
				84BB813A22C676AF00B8252D /* SearchFlightVC.swift */,
				84BB813022C6431000B8252D /* FlightsVC.swift */,
				841DC55422C7540600C22DC9 /* ETicketVC.swift */,
			);
			path = Controller;
			sourceTree = "<group>";
		};
		84BB812622C63EC900B8252D /* View */ = {
			isa = PBXGroup;
			children = (
				84BB813622C6526500B8252D /* Indicator.swift */,
				84BB813822C653FF00B8252D /* Alert.swift */,
				84BB813C22C6779300B8252D /* NavigationDesignController.swift */,
				84BB813E22C67D9F00B8252D /* ViewDesign.swift */,
				84BB814022C681C600B8252D /* ButtonDesign.swift */,
			);
			path = View;
			sourceTree = "<group>";
		};
		84BB812722C63EE200B8252D /* Modal */ = {
			isa = PBXGroup;
			children = (
				84BB813222C6441900B8252D /* Flight.swift */,
			);
			path = Modal;
			sourceTree = "<group>";
		};
		84BB812822C63EED00B8252D /* Helpers */ = {
			isa = PBXGroup;
			children = (
				84BB812922C63F0600B8252D /* Constants.swift */,
				84BB812B22C63F7D00B8252D /* GetRequest.swift */,
				84BB813422C6481C00B8252D /* Helper.swift */,
			);
			path = Helpers;
			sourceTree = "<group>";
		};
		84BB812D22C641D400B8252D /* ViewModal */ = {
			isa = PBXGroup;
			children = (
				84BB812E22C641E700B8252D /* FlightsVM.swift */,
			);
			path = ViewModal;
			sourceTree = "<group>";
		};
		84BB814222C68C4100B8252D /* Cell */ = {
			isa = PBXGroup;
			children = (
				84BB814322C68C7100B8252D /* SearchDetailCell.swift */,
				84BB814522C697A100B8252D /* FlightDetailCell.swift */,
				841DC55022C73F5200C22DC9 /* SortCell.swift */,
			);
			path = Cell;
			sourceTree = "<group>";
		};
/* End PBXGroup section */

/* Begin PBXNativeTarget section */
		84BB80F022C63DCC00B8252D /* Ixigo */ = {
			isa = PBXNativeTarget;
			buildConfigurationList = 84BB811C22C63DCF00B8252D /* Build configuration list for PBXNativeTarget "Ixigo" */;
			buildPhases = (
				49126EECF2F58EE57E0749A1 /* [CP] Check Pods Manifest.lock */,
				84BB80ED22C63DCC00B8252D /* Sources */,
				84BB80EE22C63DCC00B8252D /* Frameworks */,
				84BB80EF22C63DCC00B8252D /* Resources */,
				29DB699A1BEDE69CAFFB6327 /* [CP] Embed Pods Frameworks */,
			);
			buildRules = (
			);
			dependencies = (
			);
			name = Ixigo;
			productName = Ixigo;
			productReference = 84BB80F122C63DCC00B8252D /* Ixigo.app */;
			productType = "com.apple.product-type.application";
		};
		84BB810722C63DCF00B8252D /* IxigoTests */ = {
			isa = PBXNativeTarget;
			buildConfigurationList = 84BB811F22C63DCF00B8252D /* Build configuration list for PBXNativeTarget "IxigoTests" */;
			buildPhases = (
				52AE781F27E0B266B6B44796 /* [CP] Check Pods Manifest.lock */,
				84BB810422C63DCF00B8252D /* Sources */,
				84BB810522C63DCF00B8252D /* Frameworks */,
				84BB810622C63DCF00B8252D /* Resources */,
			);
			buildRules = (
			);
			dependencies = (
				84BB810A22C63DCF00B8252D /* PBXTargetDependency */,
			);
			name = IxigoTests;
			productName = IxigoTests;
			productReference = 84BB810822C63DCF00B8252D /* IxigoTests.xctest */;
			productType = "com.apple.product-type.bundle.unit-test";
		};
		84BB811222C63DCF00B8252D /* IxigoUITests */ = {
			isa = PBXNativeTarget;
			buildConfigurationList = 84BB812222C63DCF00B8252D /* Build configuration list for PBXNativeTarget "IxigoUITests" */;
			buildPhases = (
				EB7D8A632425D812493B6ADA /* [CP] Check Pods Manifest.lock */,
				84BB810F22C63DCF00B8252D /* Sources */,
				84BB811022C63DCF00B8252D /* Frameworks */,
				84BB811122C63DCF00B8252D /* Resources */,
			);
			buildRules = (
			);
			dependencies = (
				84BB811522C63DCF00B8252D /* PBXTargetDependency */,
			);
			name = IxigoUITests;
			productName = IxigoUITests;
			productReference = 84BB811322C63DCF00B8252D /* IxigoUITests.xctest */;
			productType = "com.apple.product-type.bundle.ui-testing";
		};
/* End PBXNativeTarget section */

/* Begin PBXProject section */
		84BB80E922C63DCC00B8252D /* Project object */ = {
			isa = PBXProject;
			attributes = {
				LastSwiftUpdateCheck = 1020;
				LastUpgradeCheck = 1020;
				ORGANIZATIONNAME = fashionexpress;
				TargetAttributes = {
					84BB80F022C63DCC00B8252D = {
						CreatedOnToolsVersion = 10.2.1;
					};
					84BB810722C63DCF00B8252D = {
						CreatedOnToolsVersion = 10.2.1;
						TestTargetID = 84BB80F022C63DCC00B8252D;
					};
					84BB811222C63DCF00B8252D = {
						CreatedOnToolsVersion = 10.2.1;
						TestTargetID = 84BB80F022C63DCC00B8252D;
					};
				};
			};
			buildConfigurationList = 84BB80EC22C63DCC00B8252D /* Build configuration list for PBXProject "Ixigo" */;
			compatibilityVersion = "Xcode 9.3";
			developmentRegion = en;
			hasScannedForEncodings = 0;
			knownRegions = (
				en,
				Base,
			);
			mainGroup = 84BB80E822C63DCC00B8252D;
			productRefGroup = 84BB80F222C63DCC00B8252D /* Products */;
			projectDirPath = "";
			projectRoot = "";
			targets = (
				84BB80F022C63DCC00B8252D /* Ixigo */,
				84BB810722C63DCF00B8252D /* IxigoTests */,
				84BB811222C63DCF00B8252D /* IxigoUITests */,
			);
		};
/* End PBXProject section */

/* Begin PBXResourcesBuildPhase section */
		84BB80EF22C63DCC00B8252D /* Resources */ = {
			isa = PBXResourcesBuildPhase;
			buildActionMask = 2147483647;
			files = (
				84BB810222C63DCF00B8252D /* LaunchScreen.storyboard in Resources */,
				84BB80FF22C63DCF00B8252D /* Assets.xcassets in Resources */,
				84BB80FA22C63DCC00B8252D /* Main.storyboard in Resources */,
			);
			runOnlyForDeploymentPostprocessing = 0;
		};
		84BB810622C63DCF00B8252D /* Resources */ = {
			isa = PBXResourcesBuildPhase;
			buildActionMask = 2147483647;
			files = (
			);
			runOnlyForDeploymentPostprocessing = 0;
		};
		84BB811122C63DCF00B8252D /* Resources */ = {
			isa = PBXResourcesBuildPhase;
			buildActionMask = 2147483647;
			files = (
			);
			runOnlyForDeploymentPostprocessing = 0;
		};
/* End PBXResourcesBuildPhase section */

/* Begin PBXShellScriptBuildPhase section */
		29DB699A1BEDE69CAFFB6327 /* [CP] Embed Pods Frameworks */ = {
			isa = PBXShellScriptBuildPhase;
			buildActionMask = 2147483647;
			files = (
			);
			inputPaths = (
				"${SRCROOT}/Pods/Target Support Files/Pods-Ixigo/Pods-Ixigo-frameworks.sh",
				"${BUILT_PRODUCTS_DIR}/IQKeyboardManagerSwift/IQKeyboardManagerSwift.framework",
			);
			name = "[CP] Embed Pods Frameworks";
			outputPaths = (
				"${TARGET_BUILD_DIR}/${FRAMEWORKS_FOLDER_PATH}/IQKeyboardManagerSwift.framework",
			);
			runOnlyForDeploymentPostprocessing = 0;
			shellPath = /bin/sh;
			shellScript = "\"${SRCROOT}/Pods/Target Support Files/Pods-Ixigo/Pods-Ixigo-frameworks.sh\"\n";
			showEnvVarsInLog = 0;
		};
		49126EECF2F58EE57E0749A1 /* [CP] Check Pods Manifest.lock */ = {
			isa = PBXShellScriptBuildPhase;
			buildActionMask = 2147483647;
			files = (
			);
			inputPaths = (
				"${PODS_PODFILE_DIR_PATH}/Podfile.lock",
				"${PODS_ROOT}/Manifest.lock",
			);
			name = "[CP] Check Pods Manifest.lock";
			outputPaths = (
				"$(DERIVED_FILE_DIR)/Pods-Ixigo-checkManifestLockResult.txt",
			);
			runOnlyForDeploymentPostprocessing = 0;
			shellPath = /bin/sh;
			shellScript = "diff \"${PODS_PODFILE_DIR_PATH}/Podfile.lock\" \"${PODS_ROOT}/Manifest.lock\" > /dev/null\nif [ $? != 0 ] ; then\n    # print error to STDERR\n    echo \"error: The sandbox is not in sync with the Podfile.lock. Run 'pod install' or update your CocoaPods installation.\" >&2\n    exit 1\nfi\n# This output is used by Xcode 'outputs' to avoid re-running this script phase.\necho \"SUCCESS\" > \"${SCRIPT_OUTPUT_FILE_0}\"\n";
			showEnvVarsInLog = 0;
		};
		52AE781F27E0B266B6B44796 /* [CP] Check Pods Manifest.lock */ = {
			isa = PBXShellScriptBuildPhase;
			buildActionMask = 2147483647;
			files = (
			);
			inputPaths = (
				"${PODS_PODFILE_DIR_PATH}/Podfile.lock",
				"${PODS_ROOT}/Manifest.lock",
			);
			name = "[CP] Check Pods Manifest.lock";
			outputPaths = (
				"$(DERIVED_FILE_DIR)/Pods-IxigoTests-checkManifestLockResult.txt",
			);
			runOnlyForDeploymentPostprocessing = 0;
			shellPath = /bin/sh;
			shellScript = "diff \"${PODS_PODFILE_DIR_PATH}/Podfile.lock\" \"${PODS_ROOT}/Manifest.lock\" > /dev/null\nif [ $? != 0 ] ; then\n    # print error to STDERR\n    echo \"error: The sandbox is not in sync with the Podfile.lock. Run 'pod install' or update your CocoaPods installation.\" >&2\n    exit 1\nfi\n# This output is used by Xcode 'outputs' to avoid re-running this script phase.\necho \"SUCCESS\" > \"${SCRIPT_OUTPUT_FILE_0}\"\n";
			showEnvVarsInLog = 0;
		};
		EB7D8A632425D812493B6ADA /* [CP] Check Pods Manifest.lock */ = {
			isa = PBXShellScriptBuildPhase;
			buildActionMask = 2147483647;
			files = (
			);
			inputPaths = (
				"${PODS_PODFILE_DIR_PATH}/Podfile.lock",
				"${PODS_ROOT}/Manifest.lock",
			);
			name = "[CP] Check Pods Manifest.lock";
			outputPaths = (
				"$(DERIVED_FILE_DIR)/Pods-IxigoUITests-checkManifestLockResult.txt",
			);
			runOnlyForDeploymentPostprocessing = 0;
			shellPath = /bin/sh;
			shellScript = "diff \"${PODS_PODFILE_DIR_PATH}/Podfile.lock\" \"${PODS_ROOT}/Manifest.lock\" > /dev/null\nif [ $? != 0 ] ; then\n    # print error to STDERR\n    echo \"error: The sandbox is not in sync with the Podfile.lock. Run 'pod install' or update your CocoaPods installation.\" >&2\n    exit 1\nfi\n# This output is used by Xcode 'outputs' to avoid re-running this script phase.\necho \"SUCCESS\" > \"${SCRIPT_OUTPUT_FILE_0}\"\n";
			showEnvVarsInLog = 0;
		};
/* End PBXShellScriptBuildPhase section */

/* Begin PBXSourcesBuildPhase section */
		84BB80ED22C63DCC00B8252D /* Sources */ = {
			isa = PBXSourcesBuildPhase;
			buildActionMask = 2147483647;
			files = (
				84BB812C22C63F7D00B8252D /* GetRequest.swift in Sources */,
				84BB812F22C641E700B8252D /* FlightsVM.swift in Sources */,
				84BB814622C697A100B8252D /* FlightDetailCell.swift in Sources */,
				84BB813D22C6779300B8252D /* NavigationDesignController.swift in Sources */,
				84BB814122C681C600B8252D /* ButtonDesign.swift in Sources */,
				84BB80F522C63DCC00B8252D /* AppDelegate.swift in Sources */,
				84BB80FD22C63DCC00B8252D /* Ixigo.xcdatamodeld in Sources */,
				84BB813122C6431000B8252D /* FlightsVC.swift in Sources */,
				84BB812A22C63F0600B8252D /* Constants.swift in Sources */,
				84BB813322C6441900B8252D /* Flight.swift in Sources */,
				841DC55122C73F5200C22DC9 /* SortCell.swift in Sources */,
				84BB814422C68C7100B8252D /* SearchDetailCell.swift in Sources */,
				84BB813722C6526500B8252D /* Indicator.swift in Sources */,
				84BB813F22C67D9F00B8252D /* ViewDesign.swift in Sources */,
				84BB813922C653FF00B8252D /* Alert.swift in Sources */,
				841DC55522C7540600C22DC9 /* ETicketVC.swift in Sources */,
				84BB813B22C676AF00B8252D /* SearchFlightVC.swift in Sources */,
				84BB813522C6481C00B8252D /* Helper.swift in Sources */,
			);
			runOnlyForDeploymentPostprocessing = 0;
		};
		84BB810422C63DCF00B8252D /* Sources */ = {
			isa = PBXSourcesBuildPhase;
			buildActionMask = 2147483647;
			files = (
				84BB810D22C63DCF00B8252D /* IxigoTests.swift in Sources */,
			);
			runOnlyForDeploymentPostprocessing = 0;
		};
		84BB810F22C63DCF00B8252D /* Sources */ = {
			isa = PBXSourcesBuildPhase;
			buildActionMask = 2147483647;
			files = (
				84BB811822C63DCF00B8252D /* IxigoUITests.swift in Sources */,
			);
			runOnlyForDeploymentPostprocessing = 0;
		};
/* End PBXSourcesBuildPhase section */

/* Begin PBXTargetDependency section */
		84BB810A22C63DCF00B8252D /* PBXTargetDependency */ = {
			isa = PBXTargetDependency;
			target = 84BB80F022C63DCC00B8252D /* Ixigo */;
			targetProxy = 84BB810922C63DCF00B8252D /* PBXContainerItemProxy */;
		};
		84BB811522C63DCF00B8252D /* PBXTargetDependency */ = {
			isa = PBXTargetDependency;
			target = 84BB80F022C63DCC00B8252D /* Ixigo */;
			targetProxy = 84BB811422C63DCF00B8252D /* PBXContainerItemProxy */;
		};
/* End PBXTargetDependency section */

/* Begin PBXVariantGroup section */
		84BB80F822C63DCC00B8252D /* Main.storyboard */ = {
			isa = PBXVariantGroup;
			children = (
				84BB80F922C63DCC00B8252D /* Base */,
			);
			name = Main.storyboard;
			sourceTree = "<group>";
		};
		84BB810022C63DCF00B8252D /* LaunchScreen.storyboard */ = {
			isa = PBXVariantGroup;
			children = (
				84BB810122C63DCF00B8252D /* Base */,
			);
			name = LaunchScreen.storyboard;
			sourceTree = "<group>";
		};
/* End PBXVariantGroup section */

/* Begin XCBuildConfiguration section */
		84BB811A22C63DCF00B8252D /* Debug */ = {
			isa = XCBuildConfiguration;
			buildSettings = {
				ALWAYS_SEARCH_USER_PATHS = NO;
				CLANG_ANALYZER_NONNULL = YES;
				CLANG_ANALYZER_NUMBER_OBJECT_CONVERSION = YES_AGGRESSIVE;
				CLANG_CXX_LANGUAGE_STANDARD = "gnu++14";
				CLANG_CXX_LIBRARY = "libc++";
				CLANG_ENABLE_MODULES = YES;
				CLANG_ENABLE_OBJC_ARC = YES;
				CLANG_ENABLE_OBJC_WEAK = YES;
				CLANG_WARN_BLOCK_CAPTURE_AUTORELEASING = YES;
				CLANG_WARN_BOOL_CONVERSION = YES;
				CLANG_WARN_COMMA = YES;
				CLANG_WARN_CONSTANT_CONVERSION = YES;
				CLANG_WARN_DEPRECATED_OBJC_IMPLEMENTATIONS = YES;
				CLANG_WARN_DIRECT_OBJC_ISA_USAGE = YES_ERROR;
				CLANG_WARN_DOCUMENTATION_COMMENTS = YES;
				CLANG_WARN_EMPTY_BODY = YES;
				CLANG_WARN_ENUM_CONVERSION = YES;
				CLANG_WARN_INFINITE_RECURSION = YES;
				CLANG_WARN_INT_CONVERSION = YES;
				CLANG_WARN_NON_LITERAL_NULL_CONVERSION = YES;
				CLANG_WARN_OBJC_IMPLICIT_RETAIN_SELF = YES;
				CLANG_WARN_OBJC_LITERAL_CONVERSION = YES;
				CLANG_WARN_OBJC_ROOT_CLASS = YES_ERROR;
				CLANG_WARN_RANGE_LOOP_ANALYSIS = YES;
				CLANG_WARN_STRICT_PROTOTYPES = YES;
				CLANG_WARN_SUSPICIOUS_MOVE = YES;
				CLANG_WARN_UNGUARDED_AVAILABILITY = YES_AGGRESSIVE;
				CLANG_WARN_UNREACHABLE_CODE = YES;
				CLANG_WARN__DUPLICATE_METHOD_MATCH = YES;
				CODE_SIGN_IDENTITY = "iPhone Developer";
				COPY_PHASE_STRIP = NO;
				DEBUG_INFORMATION_FORMAT = dwarf;
				ENABLE_STRICT_OBJC_MSGSEND = YES;
				ENABLE_TESTABILITY = YES;
				GCC_C_LANGUAGE_STANDARD = gnu11;
				GCC_DYNAMIC_NO_PIC = NO;
				GCC_NO_COMMON_BLOCKS = YES;
				GCC_OPTIMIZATION_LEVEL = 0;
				GCC_PREPROCESSOR_DEFINITIONS = (
					"DEBUG=1",
					"$(inherited)",
				);
				GCC_WARN_64_TO_32_BIT_CONVERSION = YES;
				GCC_WARN_ABOUT_RETURN_TYPE = YES_ERROR;
				GCC_WARN_UNDECLARED_SELECTOR = YES;
				GCC_WARN_UNINITIALIZED_AUTOS = YES_AGGRESSIVE;
				GCC_WARN_UNUSED_FUNCTION = YES;
				GCC_WARN_UNUSED_VARIABLE = YES;
				IPHONEOS_DEPLOYMENT_TARGET = 12.2;
				MTL_ENABLE_DEBUG_INFO = INCLUDE_SOURCE;
				MTL_FAST_MATH = YES;
				ONLY_ACTIVE_ARCH = YES;
				SDKROOT = iphoneos;
				SWIFT_ACTIVE_COMPILATION_CONDITIONS = DEBUG;
				SWIFT_OPTIMIZATION_LEVEL = "-Onone";
			};
			name = Debug;
		};
		84BB811B22C63DCF00B8252D /* Release */ = {
			isa = XCBuildConfiguration;
			buildSettings = {
				ALWAYS_SEARCH_USER_PATHS = NO;
				CLANG_ANALYZER_NONNULL = YES;
				CLANG_ANALYZER_NUMBER_OBJECT_CONVERSION = YES_AGGRESSIVE;
				CLANG_CXX_LANGUAGE_STANDARD = "gnu++14";
				CLANG_CXX_LIBRARY = "libc++";
				CLANG_ENABLE_MODULES = YES;
				CLANG_ENABLE_OBJC_ARC = YES;
				CLANG_ENABLE_OBJC_WEAK = YES;
				CLANG_WARN_BLOCK_CAPTURE_AUTORELEASING = YES;
				CLANG_WARN_BOOL_CONVERSION = YES;
				CLANG_WARN_COMMA = YES;
				CLANG_WARN_CONSTANT_CONVERSION = YES;
				CLANG_WARN_DEPRECATED_OBJC_IMPLEMENTATIONS = YES;
				CLANG_WARN_DIRECT_OBJC_ISA_USAGE = YES_ERROR;
				CLANG_WARN_DOCUMENTATION_COMMENTS = YES;
				CLANG_WARN_EMPTY_BODY = YES;
				CLANG_WARN_ENUM_CONVERSION = YES;
				CLANG_WARN_INFINITE_RECURSION = YES;
				CLANG_WARN_INT_CONVERSION = YES;
				CLANG_WARN_NON_LITERAL_NULL_CONVERSION = YES;
				CLANG_WARN_OBJC_IMPLICIT_RETAIN_SELF = YES;
				CLANG_WARN_OBJC_LITERAL_CONVERSION = YES;
				CLANG_WARN_OBJC_ROOT_CLASS = YES_ERROR;
				CLANG_WARN_RANGE_LOOP_ANALYSIS = YES;
				CLANG_WARN_STRICT_PROTOTYPES = YES;
				CLANG_WARN_SUSPICIOUS_MOVE = YES;
				CLANG_WARN_UNGUARDED_AVAILABILITY = YES_AGGRESSIVE;
				CLANG_WARN_UNREACHABLE_CODE = YES;
				CLANG_WARN__DUPLICATE_METHOD_MATCH = YES;
				CODE_SIGN_IDENTITY = "iPhone Developer";
				COPY_PHASE_STRIP = NO;
				DEBUG_INFORMATION_FORMAT = "dwarf-with-dsym";
				ENABLE_NS_ASSERTIONS = NO;
				ENABLE_STRICT_OBJC_MSGSEND = YES;
				GCC_C_LANGUAGE_STANDARD = gnu11;
				GCC_NO_COMMON_BLOCKS = YES;
				GCC_WARN_64_TO_32_BIT_CONVERSION = YES;
				GCC_WARN_ABOUT_RETURN_TYPE = YES_ERROR;
				GCC_WARN_UNDECLARED_SELECTOR = YES;
				GCC_WARN_UNINITIALIZED_AUTOS = YES_AGGRESSIVE;
				GCC_WARN_UNUSED_FUNCTION = YES;
				GCC_WARN_UNUSED_VARIABLE = YES;
				IPHONEOS_DEPLOYMENT_TARGET = 12.2;
				MTL_ENABLE_DEBUG_INFO = NO;
				MTL_FAST_MATH = YES;
				SDKROOT = iphoneos;
				SWIFT_COMPILATION_MODE = wholemodule;
				SWIFT_OPTIMIZATION_LEVEL = "-O";
				VALIDATE_PRODUCT = YES;
			};
			name = Release;
		};
		84BB811D22C63DCF00B8252D /* Debug */ = {
			isa = XCBuildConfiguration;
			baseConfigurationReference = 76A7F88C7DAB00B7C6FC5829 /* Pods-Ixigo.debug.xcconfig */;
			buildSettings = {
				ASSETCATALOG_COMPILER_APPICON_NAME = AppIcon;
				CODE_SIGN_STYLE = Automatic;
				DEVELOPMENT_TEAM = SJ5RAJ238Y;
				INFOPLIST_FILE = Ixigo/Info.plist;
				IPHONEOS_DEPLOYMENT_TARGET = 10.0;
				LD_RUNPATH_SEARCH_PATHS = (
					"$(inherited)",
					"@executable_path/Frameworks",
				);
				PRODUCT_BUNDLE_IDENTIFIER = com.fashionexpress.ixigo;
				PRODUCT_NAME = "$(TARGET_NAME)";
				SWIFT_VERSION = 5.0;
				TARGETED_DEVICE_FAMILY = "1,2";
			};
			name = Debug;
		};
		84BB811E22C63DCF00B8252D /* Release */ = {
			isa = XCBuildConfiguration;
			baseConfigurationReference = E0BD0FA85502D5E7BED4EACF /* Pods-Ixigo.release.xcconfig */;
			buildSettings = {
				ASSETCATALOG_COMPILER_APPICON_NAME = AppIcon;
				CODE_SIGN_STYLE = Automatic;
				DEVELOPMENT_TEAM = SJ5RAJ238Y;
				INFOPLIST_FILE = Ixigo/Info.plist;
				IPHONEOS_DEPLOYMENT_TARGET = 10.0;
				LD_RUNPATH_SEARCH_PATHS = (
					"$(inherited)",
					"@executable_path/Frameworks",
				);
				PRODUCT_BUNDLE_IDENTIFIER = com.fashionexpress.ixigo;
				PRODUCT_NAME = "$(TARGET_NAME)";
				SWIFT_VERSION = 5.0;
				TARGETED_DEVICE_FAMILY = "1,2";
			};
			name = Release;
		};
		84BB812022C63DCF00B8252D /* Debug */ = {
			isa = XCBuildConfiguration;
			baseConfigurationReference = 5F140828DA01B30A75BF1BE2 /* Pods-IxigoTests.debug.xcconfig */;
			buildSettings = {
				ALWAYS_EMBED_SWIFT_STANDARD_LIBRARIES = YES;
				BUNDLE_LOADER = "$(TEST_HOST)";
				CODE_SIGN_STYLE = Automatic;
				DEVELOPMENT_TEAM = SJ5RAJ238Y;
				INFOPLIST_FILE = IxigoTests/Info.plist;
				LD_RUNPATH_SEARCH_PATHS = (
					"$(inherited)",
					"@executable_path/Frameworks",
					"@loader_path/Frameworks",
				);
				PRODUCT_BUNDLE_IDENTIFIER = com.fashionexpress.IxigoTests;
				PRODUCT_NAME = "$(TARGET_NAME)";
				SWIFT_VERSION = 5.0;
				TARGETED_DEVICE_FAMILY = "1,2";
				TEST_HOST = "$(BUILT_PRODUCTS_DIR)/Ixigo.app/Ixigo";
			};
			name = Debug;
		};
		84BB812122C63DCF00B8252D /* Release */ = {
			isa = XCBuildConfiguration;
			baseConfigurationReference = 6785714D1A89880484001E0B /* Pods-IxigoTests.release.xcconfig */;
			buildSettings = {
				ALWAYS_EMBED_SWIFT_STANDARD_LIBRARIES = YES;
				BUNDLE_LOADER = "$(TEST_HOST)";
				CODE_SIGN_STYLE = Automatic;
				DEVELOPMENT_TEAM = SJ5RAJ238Y;
				INFOPLIST_FILE = IxigoTests/Info.plist;
				LD_RUNPATH_SEARCH_PATHS = (
					"$(inherited)",
					"@executable_path/Frameworks",
					"@loader_path/Frameworks",
				);
				PRODUCT_BUNDLE_IDENTIFIER = com.fashionexpress.IxigoTests;
				PRODUCT_NAME = "$(TARGET_NAME)";
				SWIFT_VERSION = 5.0;
				TARGETED_DEVICE_FAMILY = "1,2";
				TEST_HOST = "$(BUILT_PRODUCTS_DIR)/Ixigo.app/Ixigo";
			};
			name = Release;
		};
		84BB812322C63DCF00B8252D /* Debug */ = {
			isa = XCBuildConfiguration;
			baseConfigurationReference = B34EF879521FF418731DAADC /* Pods-IxigoUITests.debug.xcconfig */;
			buildSettings = {
				ALWAYS_EMBED_SWIFT_STANDARD_LIBRARIES = YES;
				CODE_SIGN_STYLE = Automatic;
				DEVELOPMENT_TEAM = SJ5RAJ238Y;
				INFOPLIST_FILE = IxigoUITests/Info.plist;
				LD_RUNPATH_SEARCH_PATHS = (
					"$(inherited)",
					"@executable_path/Frameworks",
					"@loader_path/Frameworks",
				);
				PRODUCT_BUNDLE_IDENTIFIER = com.fashionexpress.IxigoUITests;
				PRODUCT_NAME = "$(TARGET_NAME)";
				SWIFT_VERSION = 5.0;
				TARGETED_DEVICE_FAMILY = "1,2";
				TEST_TARGET_NAME = Ixigo;
			};
			name = Debug;
		};
		84BB812422C63DCF00B8252D /* Release */ = {
			isa = XCBuildConfiguration;
			baseConfigurationReference = 400297F52B09205CB2E55F33 /* Pods-IxigoUITests.release.xcconfig */;
			buildSettings = {
				ALWAYS_EMBED_SWIFT_STANDARD_LIBRARIES = YES;
				CODE_SIGN_STYLE = Automatic;
				DEVELOPMENT_TEAM = SJ5RAJ238Y;
				INFOPLIST_FILE = IxigoUITests/Info.plist;
				LD_RUNPATH_SEARCH_PATHS = (
					"$(inherited)",
					"@executable_path/Frameworks",
					"@loader_path/Frameworks",
				);
				PRODUCT_BUNDLE_IDENTIFIER = com.fashionexpress.IxigoUITests;
				PRODUCT_NAME = "$(TARGET_NAME)";
				SWIFT_VERSION = 5.0;
				TARGETED_DEVICE_FAMILY = "1,2";
				TEST_TARGET_NAME = Ixigo;
			};
			name = Release;
		};
/* End XCBuildConfiguration section */

/* Begin XCConfigurationList section */
		84BB80EC22C63DCC00B8252D /* Build configuration list for PBXProject "Ixigo" */ = {
			isa = XCConfigurationList;
			buildConfigurations = (
				84BB811A22C63DCF00B8252D /* Debug */,
				84BB811B22C63DCF00B8252D /* Release */,
			);
			defaultConfigurationIsVisible = 0;
			defaultConfigurationName = Release;
		};
		84BB811C22C63DCF00B8252D /* Build configuration list for PBXNativeTarget "Ixigo" */ = {
			isa = XCConfigurationList;
			buildConfigurations = (
				84BB811D22C63DCF00B8252D /* Debug */,
				84BB811E22C63DCF00B8252D /* Release */,
			);
			defaultConfigurationIsVisible = 0;
			defaultConfigurationName = Release;
		};
		84BB811F22C63DCF00B8252D /* Build configuration list for PBXNativeTarget "IxigoTests" */ = {
			isa = XCConfigurationList;
			buildConfigurations = (
				84BB812022C63DCF00B8252D /* Debug */,
				84BB812122C63DCF00B8252D /* Release */,
			);
			defaultConfigurationIsVisible = 0;
			defaultConfigurationName = Release;
		};
		84BB812222C63DCF00B8252D /* Build configuration list for PBXNativeTarget "IxigoUITests" */ = {
			isa = XCConfigurationList;
			buildConfigurations = (
				84BB812322C63DCF00B8252D /* Debug */,
				84BB812422C63DCF00B8252D /* Release */,
			);
			defaultConfigurationIsVisible = 0;
			defaultConfigurationName = Release;
		};
/* End XCConfigurationList section */

/* Begin XCVersionGroup section */
		84BB80FB22C63DCC00B8252D /* Ixigo.xcdatamodeld */ = {
			isa = XCVersionGroup;
			children = (
				84BB80FC22C63DCC00B8252D /* Ixigo.xcdatamodel */,
			);
			currentVersion = 84BB80FC22C63DCC00B8252D /* Ixigo.xcdatamodel */;
			path = Ixigo.xcdatamodeld;
			sourceTree = "<group>";
			versionGroupType = wrapper.xcdatamodel;
		};
/* End XCVersionGroup section */
	};
	rootObject = 84BB80E922C63DCC00B8252D /* Project object */;
}
